
Microsoft Visual Studio Solution File, Format Version 12.00
# Visual Studio Version 17
VisualStudioVersion = 17.7.34024.191
MinimumVisualStudioVersion = 10.0.40219.1
Project("{FAE04EC0-301F-11D3-BF4B-00C04F79EFBC}") = "stack_app", "stack_app\stack_app.csproj", "{ADA644BE-F44F-44C8-928E-A869395FC770}"
EndProject
Global
	GlobalSection(SolutionConfigurationPlatforms) = preSolution
		Debug|Any CPU = Debug|Any CPU
		Release|Any CPU = Release|Any CPU
	EndGlobalSection
	GlobalSection(ProjectConfigurationPlatforms) = postSolution
		{ADA644BE-F44F-44C8-928E-A869395FC770}.Debug|Any CPU.ActiveCfg = Debug|Any CPU
		{ADA644BE-F44F-44C8-928E-A869395FC770}.Debug|Any CPU.Build.0 = Debug|Any CPU
		{ADA644BE-F44F-44C8-928E-A869395FC770}.Release|Any CPU.ActiveCfg = Release|Any CPU
		{ADA644BE-F44F-44C8-928E-A869395FC770}.Release|Any CPU.Build.0 = Release|Any CPU
	EndGlobalSection
	GlobalSection(SolutionProperties) = preSolution
		HideSolutionNode = FALSE
	EndGlobalSection
	GlobalSection(ExtensibilityGlobals) = postSolution
		SolutionGuid = {252805CC-BBEB-4D5D-BEDF-D51F358229F9}
	EndGlobalSection
EndGlobal
