
Microsoft Visual Studio Solution File, Format Version 12.00
# Visual Studio Version 17
VisualStudioVersion = 17.7.34024.191
MinimumVisualStudioVersion = 10.0.40219.1
Project("{FAE04EC0-301F-11D3-BF4B-00C04F79EFBC}") = "list_app", "list_app\list_app.csproj", "{EFFC0559-0D70-452B-8D2F-CCCBFC5DAF85}"
EndProject
Global
	GlobalSection(SolutionConfigurationPlatforms) = preSolution
		Debug|Any CPU = Debug|Any CPU
		Release|Any CPU = Release|Any CPU
	EndGlobalSection
	GlobalSection(ProjectConfigurationPlatforms) = postSolution
		{EFFC0559-0D70-452B-8D2F-CCCBFC5DAF85}.Debug|Any CPU.ActiveCfg = Debug|Any CPU
		{EFFC0559-0D70-452B-8D2F-CCCBFC5DAF85}.Debug|Any CPU.Build.0 = Debug|Any CPU
		{EFFC0559-0D70-452B-8D2F-CCCBFC5DAF85}.Release|Any CPU.ActiveCfg = Release|Any CPU
		{EFFC0559-0D70-452B-8D2F-CCCBFC5DAF85}.Release|Any CPU.Build.0 = Release|Any CPU
	EndGlobalSection
	GlobalSection(SolutionProperties) = preSolution
		HideSolutionNode = FALSE
	EndGlobalSection
	GlobalSection(ExtensibilityGlobals) = postSolution
		SolutionGuid = {5165E306-592E-45CC-9EF7-7A3390227A40}
	EndGlobalSection
EndGlobal
